
Microsoft Visual Studio Solution File, Format Version 12.00
# Visual Studio Version 17
VisualStudioVersion = 17.14.36221.1
MinimumVisualStudioVersion = 10.0.40219.1
Project("{2150E333-8FDC-42A3-9474-1A3956D46DE8}") = "Services", "Services", "{58AEA0D5-AD41-4408-AC99-C79A6131A6F1}"
EndProject
Project("{FAE04EC0-301F-11D3-BF4B-00C04F79EFBC}") = "ApiGateways", "ApiGateways\ApiGateways.csproj", "{20BBC066-93F6-4607-846F-742750590589}"
EndProject
Project("{2150E333-8FDC-42A3-9474-1A3956D46DE8}") = "Stock", "Stock", "{A9837181-19B7-49E5-A24A-C079F7DFC10C}"
EndProject
Project("{2150E333-8FDC-42A3-9474-1A3956D46DE8}") = "Order", "Order", "{D04400E2-E9E9-4F4F-908A-ADF5BDEF1C71}"
EndProject
Project("{2150E333-8FDC-42A3-9474-1A3956D46DE8}") = "src", "src", "{A8CB44EB-818A-46B1-BDDA-977ED341BC83}"
EndProject
Project("{2150E333-8FDC-42A3-9474-1A3956D46DE8}") = "src", "src", "{F27FDFAB-E18A-4CE6-A642-01CD25D858BF}"
EndProject
Project("{2150E333-8FDC-42A3-9474-1A3956D46DE8}") = "BuildingBlocks", "BuildingBlocks", "{42106A9A-24F7-4FA0-91A1-83598B8FE21E}"
EndProject
Project("{FAE04EC0-301F-11D3-BF4B-00C04F79EFBC}") = "BuildingBlocks.Contracts", "BuildingBlocks\BuildingBlocks.Contracts\BuildingBlocks.Contracts.csproj", "{16C8ABD7-13F3-96CC-D3B5-AB324251A9C4}"
EndProject
Project("{FAE04EC0-301F-11D3-BF4B-00C04F79EFBC}") = "BuildingBlocks.Messaging", "BuildingBlocks\BuildingBlocks.Messaging\BuildingBlocks.Messaging.csproj", "{89BAC107-D3FD-49E8-5F7A-216B1D4B0E1F}"
EndProject
Project("{FAE04EC0-301F-11D3-BF4B-00C04F79EFBC}") = "BuildingBlocks.SharedKernel", "BuildingBlocks\BuildingBlocks.SharedKernel\BuildingBlocks.SharedKernel.csproj", "{4DA66E95-C470-B1E6-6114-A6D9B93CFB94}"
EndProject
Project("{2150E333-8FDC-42A3-9474-1A3956D46DE8}") = "tests", "tests", "{02EA681E-C7D8-13C7-8484-4AC65E1B71E8}"
EndProject
Project("{2150E333-8FDC-42A3-9474-1A3956D46DE8}") = "tests", "tests", "{BBAB836D-871F-4495-9D30-9C457B2B8E3A}"
EndProject
Project("{FAE04EC0-301F-11D3-BF4B-00C04F79EFBC}") = "Order.Api", "Services\Order\src\Order.Api\Order.Api.csproj", "{FCBD0BD4-98DB-2BC7-A1D7-BD26D9465CF1}"
EndProject
Project("{FAE04EC0-301F-11D3-BF4B-00C04F79EFBC}") = "Order.Application", "Services\Order\src\Order.Application\Order.Application.csproj", "{34DDC9AA-547C-041D-3F2F-7BC186D36A75}"
EndProject
Project("{FAE04EC0-301F-11D3-BF4B-00C04F79EFBC}") = "Order.Domain", "Services\Order\src\Order.Domain\Order.Domain.csproj", "{4EB359C9-4822-6335-F52B-869B47B2E3F6}"
EndProject
Project("{FAE04EC0-301F-11D3-BF4B-00C04F79EFBC}") = "Order.Infra", "Services\Order\src\Order.Infra\Order.Infra.csproj", "{FFCB2482-D444-94EB-D464-E580536ADC6D}"
EndProject
Project("{FAE04EC0-301F-11D3-BF4B-00C04F79EFBC}") = "Stock.Api", "Services\Stock\src\Stock.Api\Stock.Api.csproj", "{830E9D64-701D-ABAD-0B2C-1A1B21B0C7AA}"
EndProject
Project("{FAE04EC0-301F-11D3-BF4B-00C04F79EFBC}") = "Stock.Application", "Services\Stock\src\Stock.Application\Stock.Application.csproj", "{C4438709-8CFE-2C71-2B00-FFF1C684FE1D}"
EndProject
Project("{FAE04EC0-301F-11D3-BF4B-00C04F79EFBC}") = "Stock.Domain", "Services\Stock\src\Stock.Domain\Stock.Domain.csproj", "{EE1B8BC9-3D54-6560-D976-8949BEF52CE9}"
EndProject
Project("{FAE04EC0-301F-11D3-BF4B-00C04F79EFBC}") = "Stock.Infra", "Services\Stock\src\Stock.Infra\Stock.Infra.csproj", "{31BF98B4-C356-2CEC-BFDB-0540B114CAE1}"
EndProject
Project("{FAE04EC0-301F-11D3-BF4B-00C04F79EFBC}") = "BuildingBlocks.Observability", "BuildingBlocks\BuildingBlocks.Observability\BuildingBlocks.Observability.csproj", "{1AD75593-AB3A-B3F4-F0EF-03194FD437D6}"
EndProject
Project("{2150E333-8FDC-42A3-9474-1A3956D46DE8}") = "User", "User", "{99BCBD48-56C6-482C-9C20-5463FC096F2A}"
EndProject
Project("{2150E333-8FDC-42A3-9474-1A3956D46DE8}") = "src", "src", "{57640112-23C1-407F-9B2C-246F5023DE2B}"
EndProject
Project("{2150E333-8FDC-42A3-9474-1A3956D46DE8}") = "tests", "tests", "{4DD569EF-93DB-42F6-B8C4-344A07060198}"
EndProject
Project("{FAE04EC0-301F-11D3-BF4B-00C04F79EFBC}") = "User.Api", "Services\User\src\User.Api\User.Api.csproj", "{193C0DBC-9D63-18DF-CBF4-3A3CC95E1A1F}"
EndProject
Project("{FAE04EC0-301F-11D3-BF4B-00C04F79EFBC}") = "User.Application", "Services\User\src\User.Application\User.Application.csproj", "{D5DE5DE3-54A5-F4CD-F7D2-7BC11561E0E2}"
EndProject
Project("{FAE04EC0-301F-11D3-BF4B-00C04F79EFBC}") = "User.Domain", "Services\User\src\User.Domain\User.Domain.csproj", "{DBA56897-2EC1-1A9D-D0EF-EA134A150418}"
EndProject
Project("{FAE04EC0-301F-11D3-BF4B-00C04F79EFBC}") = "User.Infra", "Services\User\src\User.Infra\User.Infra.csproj", "{688A10E9-B367-20FE-C9AF-43A3FAECE293}"
EndProject
Project("{FAE04EC0-301F-11D3-BF4B-00C04F79EFBC}") = "BuildingBlocks.Infra", "BuildingBlocks\BuildingBlocks.Infra\BuildingBlocks.Infra.csproj", "{40897B7A-ED7D-CA5A-B3FE-84A3570E236A}"
EndProject
Project("{FAE04EC0-301F-11D3-BF4B-00C04F79EFBC}") = "Order.UnitTests", "Services\Order\tests\Order.UnitTests\Order.UnitTests.csproj", "{F25A8148-C39F-4BFF-9540-67773A411554}"
EndProject
Project("{FAE04EC0-301F-11D3-BF4B-00C04F79EFBC}") = "Order.IntegrationTests", "Services\Order\tests\Order.IntegrationTests\Order.IntegrationTests.csproj", "{A11C9B2D-B876-4E0D-8895-213D5F1B4A23}"
EndProject
Project("{FAE04EC0-301F-11D3-BF4B-00C04F79EFBC}") = "Stock.UnitTests", "Services\Stock\tests\Stock.UnitTests\Stock.UnitTests.csproj", "{F29CD1F1-244D-41B0-A90A-32834D312774}"
EndProject
Global
	GlobalSection(SolutionConfigurationPlatforms) = preSolution
		Debug|Any CPU = Debug|Any CPU
		Debug|x64 = Debug|x64
		Debug|x86 = Debug|x86
		Release|Any CPU = Release|Any CPU
		Release|x64 = Release|x64
		Release|x86 = Release|x86
	EndGlobalSection
	GlobalSection(ProjectConfigurationPlatforms) = postSolution
		{20BBC066-93F6-4607-846F-742750590589}.Debug|Any CPU.ActiveCfg = Debug|Any CPU
		{20BBC066-93F6-4607-846F-742750590589}.Debug|Any CPU.Build.0 = Debug|Any CPU
		{20BBC066-93F6-4607-846F-742750590589}.Debug|x64.ActiveCfg = Debug|Any CPU
		{20BBC066-93F6-4607-846F-742750590589}.Debug|x64.Build.0 = Debug|Any CPU
		{20BBC066-93F6-4607-846F-742750590589}.Debug|x86.ActiveCfg = Debug|Any CPU
		{20BBC066-93F6-4607-846F-742750590589}.Debug|x86.Build.0 = Debug|Any CPU
		{20BBC066-93F6-4607-846F-742750590589}.Release|Any CPU.ActiveCfg = Release|Any CPU
		{20BBC066-93F6-4607-846F-742750590589}.Release|Any CPU.Build.0 = Release|Any CPU
		{20BBC066-93F6-4607-846F-742750590589}.Release|x64.ActiveCfg = Release|Any CPU
		{20BBC066-93F6-4607-846F-742750590589}.Release|x64.Build.0 = Release|Any CPU
		{20BBC066-93F6-4607-846F-742750590589}.Release|x86.ActiveCfg = Release|Any CPU
		{20BBC066-93F6-4607-846F-742750590589}.Release|x86.Build.0 = Release|Any CPU
		{16C8ABD7-13F3-96CC-D3B5-AB324251A9C4}.Debug|Any CPU.ActiveCfg = Debug|Any CPU
		{16C8ABD7-13F3-96CC-D3B5-AB324251A9C4}.Debug|Any CPU.Build.0 = Debug|Any CPU
		{16C8ABD7-13F3-96CC-D3B5-AB324251A9C4}.Debug|x64.ActiveCfg = Debug|Any CPU
		{16C8ABD7-13F3-96CC-D3B5-AB324251A9C4}.Debug|x64.Build.0 = Debug|Any CPU
		{16C8ABD7-13F3-96CC-D3B5-AB324251A9C4}.Debug|x86.ActiveCfg = Debug|Any CPU
		{16C8ABD7-13F3-96CC-D3B5-AB324251A9C4}.Debug|x86.Build.0 = Debug|Any CPU
		{16C8ABD7-13F3-96CC-D3B5-AB324251A9C4}.Release|Any CPU.ActiveCfg = Release|Any CPU
		{16C8ABD7-13F3-96CC-D3B5-AB324251A9C4}.Release|Any CPU.Build.0 = Release|Any CPU
		{16C8ABD7-13F3-96CC-D3B5-AB324251A9C4}.Release|x64.ActiveCfg = Release|Any CPU
		{16C8ABD7-13F3-96CC-D3B5-AB324251A9C4}.Release|x64.Build.0 = Release|Any CPU
		{16C8ABD7-13F3-96CC-D3B5-AB324251A9C4}.Release|x86.ActiveCfg = Release|Any CPU
		{16C8ABD7-13F3-96CC-D3B5-AB324251A9C4}.Release|x86.Build.0 = Release|Any CPU
		{89BAC107-D3FD-49E8-5F7A-216B1D4B0E1F}.Debug|Any CPU.ActiveCfg = Debug|Any CPU
		{89BAC107-D3FD-49E8-5F7A-216B1D4B0E1F}.Debug|Any CPU.Build.0 = Debug|Any CPU
		{89BAC107-D3FD-49E8-5F7A-216B1D4B0E1F}.Debug|x64.ActiveCfg = Debug|Any CPU
		{89BAC107-D3FD-49E8-5F7A-216B1D4B0E1F}.Debug|x64.Build.0 = Debug|Any CPU
		{89BAC107-D3FD-49E8-5F7A-216B1D4B0E1F}.Debug|x86.ActiveCfg = Debug|Any CPU
		{89BAC107-D3FD-49E8-5F7A-216B1D4B0E1F}.Debug|x86.Build.0 = Debug|Any CPU
		{89BAC107-D3FD-49E8-5F7A-216B1D4B0E1F}.Release|Any CPU.ActiveCfg = Release|Any CPU
		{89BAC107-D3FD-49E8-5F7A-216B1D4B0E1F}.Release|Any CPU.Build.0 = Release|Any CPU
		{89BAC107-D3FD-49E8-5F7A-216B1D4B0E1F}.Release|x64.ActiveCfg = Release|Any CPU
		{89BAC107-D3FD-49E8-5F7A-216B1D4B0E1F}.Release|x64.Build.0 = Release|Any CPU
		{89BAC107-D3FD-49E8-5F7A-216B1D4B0E1F}.Release|x86.ActiveCfg = Release|Any CPU
		{89BAC107-D3FD-49E8-5F7A-216B1D4B0E1F}.Release|x86.Build.0 = Release|Any CPU
		{4DA66E95-C470-B1E6-6114-A6D9B93CFB94}.Debug|Any CPU.ActiveCfg = Debug|Any CPU
		{4DA66E95-C470-B1E6-6114-A6D9B93CFB94}.Debug|Any CPU.Build.0 = Debug|Any CPU
		{4DA66E95-C470-B1E6-6114-A6D9B93CFB94}.Debug|x64.ActiveCfg = Debug|Any CPU
		{4DA66E95-C470-B1E6-6114-A6D9B93CFB94}.Debug|x64.Build.0 = Debug|Any CPU
		{4DA66E95-C470-B1E6-6114-A6D9B93CFB94}.Debug|x86.ActiveCfg = Debug|Any CPU
		{4DA66E95-C470-B1E6-6114-A6D9B93CFB94}.Debug|x86.Build.0 = Debug|Any CPU
		{4DA66E95-C470-B1E6-6114-A6D9B93CFB94}.Release|Any CPU.ActiveCfg = Release|Any CPU
		{4DA66E95-C470-B1E6-6114-A6D9B93CFB94}.Release|Any CPU.Build.0 = Release|Any CPU
		{4DA66E95-C470-B1E6-6114-A6D9B93CFB94}.Release|x64.ActiveCfg = Release|Any CPU
		{4DA66E95-C470-B1E6-6114-A6D9B93CFB94}.Release|x64.Build.0 = Release|Any CPU
		{4DA66E95-C470-B1E6-6114-A6D9B93CFB94}.Release|x86.ActiveCfg = Release|Any CPU
		{4DA66E95-C470-B1E6-6114-A6D9B93CFB94}.Release|x86.Build.0 = Release|Any CPU
		{FCBD0BD4-98DB-2BC7-A1D7-BD26D9465CF1}.Debug|Any CPU.ActiveCfg = Debug|Any CPU
		{FCBD0BD4-98DB-2BC7-A1D7-BD26D9465CF1}.Debug|Any CPU.Build.0 = Debug|Any CPU
		{FCBD0BD4-98DB-2BC7-A1D7-BD26D9465CF1}.Debug|x64.ActiveCfg = Debug|Any CPU
		{FCBD0BD4-98DB-2BC7-A1D7-BD26D9465CF1}.Debug|x64.Build.0 = Debug|Any CPU
		{FCBD0BD4-98DB-2BC7-A1D7-BD26D9465CF1}.Debug|x86.ActiveCfg = Debug|Any CPU
		{FCBD0BD4-98DB-2BC7-A1D7-BD26D9465CF1}.Debug|x86.Build.0 = Debug|Any CPU
		{FCBD0BD4-98DB-2BC7-A1D7-BD26D9465CF1}.Release|Any CPU.ActiveCfg = Release|Any CPU
		{FCBD0BD4-98DB-2BC7-A1D7-BD26D9465CF1}.Release|Any CPU.Build.0 = Release|Any CPU
		{FCBD0BD4-98DB-2BC7-A1D7-BD26D9465CF1}.Release|x64.ActiveCfg = Release|Any CPU
		{FCBD0BD4-98DB-2BC7-A1D7-BD26D9465CF1}.Release|x64.Build.0 = Release|Any CPU
		{FCBD0BD4-98DB-2BC7-A1D7-BD26D9465CF1}.Release|x86.ActiveCfg = Release|Any CPU
		{FCBD0BD4-98DB-2BC7-A1D7-BD26D9465CF1}.Release|x86.Build.0 = Release|Any CPU
		{34DDC9AA-547C-041D-3F2F-7BC186D36A75}.Debug|Any CPU.ActiveCfg = Debug|Any CPU
		{34DDC9AA-547C-041D-3F2F-7BC186D36A75}.Debug|Any CPU.Build.0 = Debug|Any CPU
		{34DDC9AA-547C-041D-3F2F-7BC186D36A75}.Debug|x64.ActiveCfg = Debug|Any CPU
		{34DDC9AA-547C-041D-3F2F-7BC186D36A75}.Debug|x64.Build.0 = Debug|Any CPU
		{34DDC9AA-547C-041D-3F2F-7BC186D36A75}.Debug|x86.ActiveCfg = Debug|Any CPU
		{34DDC9AA-547C-041D-3F2F-7BC186D36A75}.Debug|x86.Build.0 = Debug|Any CPU
		{34DDC9AA-547C-041D-3F2F-7BC186D36A75}.Release|Any CPU.ActiveCfg = Release|Any CPU
		{34DDC9AA-547C-041D-3F2F-7BC186D36A75}.Release|Any CPU.Build.0 = Release|Any CPU
		{34DDC9AA-547C-041D-3F2F-7BC186D36A75}.Release|x64.ActiveCfg = Release|Any CPU
		{34DDC9AA-547C-041D-3F2F-7BC186D36A75}.Release|x64.Build.0 = Release|Any CPU
		{34DDC9AA-547C-041D-3F2F-7BC186D36A75}.Release|x86.ActiveCfg = Release|Any CPU
		{34DDC9AA-547C-041D-3F2F-7BC186D36A75}.Release|x86.Build.0 = Release|Any CPU
		{4EB359C9-4822-6335-F52B-869B47B2E3F6}.Debug|Any CPU.ActiveCfg = Debug|Any CPU
		{4EB359C9-4822-6335-F52B-869B47B2E3F6}.Debug|Any CPU.Build.0 = Debug|Any CPU
		{4EB359C9-4822-6335-F52B-869B47B2E3F6}.Debug|x64.ActiveCfg = Debug|Any CPU
		{4EB359C9-4822-6335-F52B-869B47B2E3F6}.Debug|x64.Build.0 = Debug|Any CPU
		{4EB359C9-4822-6335-F52B-869B47B2E3F6}.Debug|x86.ActiveCfg = Debug|Any CPU
		{4EB359C9-4822-6335-F52B-869B47B2E3F6}.Debug|x86.Build.0 = Debug|Any CPU
		{4EB359C9-4822-6335-F52B-869B47B2E3F6}.Release|Any CPU.ActiveCfg = Release|Any CPU
		{4EB359C9-4822-6335-F52B-869B47B2E3F6}.Release|Any CPU.Build.0 = Release|Any CPU
		{4EB359C9-4822-6335-F52B-869B47B2E3F6}.Release|x64.ActiveCfg = Release|Any CPU
		{4EB359C9-4822-6335-F52B-869B47B2E3F6}.Release|x64.Build.0 = Release|Any CPU
		{4EB359C9-4822-6335-F52B-869B47B2E3F6}.Release|x86.ActiveCfg = Release|Any CPU
		{4EB359C9-4822-6335-F52B-869B47B2E3F6}.Release|x86.Build.0 = Release|Any CPU
		{FFCB2482-D444-94EB-D464-E580536ADC6D}.Debug|Any CPU.ActiveCfg = Debug|Any CPU
		{FFCB2482-D444-94EB-D464-E580536ADC6D}.Debug|Any CPU.Build.0 = Debug|Any CPU
		{FFCB2482-D444-94EB-D464-E580536ADC6D}.Debug|x64.ActiveCfg = Debug|Any CPU
		{FFCB2482-D444-94EB-D464-E580536ADC6D}.Debug|x64.Build.0 = Debug|Any CPU
		{FFCB2482-D444-94EB-D464-E580536ADC6D}.Debug|x86.ActiveCfg = Debug|Any CPU
		{FFCB2482-D444-94EB-D464-E580536ADC6D}.Debug|x86.Build.0 = Debug|Any CPU
		{FFCB2482-D444-94EB-D464-E580536ADC6D}.Release|Any CPU.ActiveCfg = Release|Any CPU
		{FFCB2482-D444-94EB-D464-E580536ADC6D}.Release|Any CPU.Build.0 = Release|Any CPU
		{FFCB2482-D444-94EB-D464-E580536ADC6D}.Release|x64.ActiveCfg = Release|Any CPU
		{FFCB2482-D444-94EB-D464-E580536ADC6D}.Release|x64.Build.0 = Release|Any CPU
		{FFCB2482-D444-94EB-D464-E580536ADC6D}.Release|x86.ActiveCfg = Release|Any CPU
		{FFCB2482-D444-94EB-D464-E580536ADC6D}.Release|x86.Build.0 = Release|Any CPU
		{830E9D64-701D-ABAD-0B2C-1A1B21B0C7AA}.Debug|Any CPU.ActiveCfg = Debug|Any CPU
		{830E9D64-701D-ABAD-0B2C-1A1B21B0C7AA}.Debug|Any CPU.Build.0 = Debug|Any CPU
		{830E9D64-701D-ABAD-0B2C-1A1B21B0C7AA}.Debug|x64.ActiveCfg = Debug|Any CPU
		{830E9D64-701D-ABAD-0B2C-1A1B21B0C7AA}.Debug|x64.Build.0 = Debug|Any CPU
		{830E9D64-701D-ABAD-0B2C-1A1B21B0C7AA}.Debug|x86.ActiveCfg = Debug|Any CPU
		{830E9D64-701D-ABAD-0B2C-1A1B21B0C7AA}.Debug|x86.Build.0 = Debug|Any CPU
		{830E9D64-701D-ABAD-0B2C-1A1B21B0C7AA}.Release|Any CPU.ActiveCfg = Release|Any CPU
		{830E9D64-701D-ABAD-0B2C-1A1B21B0C7AA}.Release|Any CPU.Build.0 = Release|Any CPU
		{830E9D64-701D-ABAD-0B2C-1A1B21B0C7AA}.Release|x64.ActiveCfg = Release|Any CPU
		{830E9D64-701D-ABAD-0B2C-1A1B21B0C7AA}.Release|x64.Build.0 = Release|Any CPU
		{830E9D64-701D-ABAD-0B2C-1A1B21B0C7AA}.Release|x86.ActiveCfg = Release|Any CPU
		{830E9D64-701D-ABAD-0B2C-1A1B21B0C7AA}.Release|x86.Build.0 = Release|Any CPU
		{C4438709-8CFE-2C71-2B00-FFF1C684FE1D}.Debug|Any CPU.ActiveCfg = Debug|Any CPU
		{C4438709-8CFE-2C71-2B00-FFF1C684FE1D}.Debug|Any CPU.Build.0 = Debug|Any CPU
		{C4438709-8CFE-2C71-2B00-FFF1C684FE1D}.Debug|x64.ActiveCfg = Debug|Any CPU
		{C4438709-8CFE-2C71-2B00-FFF1C684FE1D}.Debug|x64.Build.0 = Debug|Any CPU
		{C4438709-8CFE-2C71-2B00-FFF1C684FE1D}.Debug|x86.ActiveCfg = Debug|Any CPU
		{C4438709-8CFE-2C71-2B00-FFF1C684FE1D}.Debug|x86.Build.0 = Debug|Any CPU
		{C4438709-8CFE-2C71-2B00-FFF1C684FE1D}.Release|Any CPU.ActiveCfg = Release|Any CPU
		{C4438709-8CFE-2C71-2B00-FFF1C684FE1D}.Release|Any CPU.Build.0 = Release|Any CPU
		{C4438709-8CFE-2C71-2B00-FFF1C684FE1D}.Release|x64.ActiveCfg = Release|Any CPU
		{C4438709-8CFE-2C71-2B00-FFF1C684FE1D}.Release|x64.Build.0 = Release|Any CPU
		{C4438709-8CFE-2C71-2B00-FFF1C684FE1D}.Release|x86.ActiveCfg = Release|Any CPU
		{C4438709-8CFE-2C71-2B00-FFF1C684FE1D}.Release|x86.Build.0 = Release|Any CPU
		{EE1B8BC9-3D54-6560-D976-8949BEF52CE9}.Debug|Any CPU.ActiveCfg = Debug|Any CPU
		{EE1B8BC9-3D54-6560-D976-8949BEF52CE9}.Debug|Any CPU.Build.0 = Debug|Any CPU
		{EE1B8BC9-3D54-6560-D976-8949BEF52CE9}.Debug|x64.ActiveCfg = Debug|Any CPU
		{EE1B8BC9-3D54-6560-D976-8949BEF52CE9}.Debug|x64.Build.0 = Debug|Any CPU
		{EE1B8BC9-3D54-6560-D976-8949BEF52CE9}.Debug|x86.ActiveCfg = Debug|Any CPU
		{EE1B8BC9-3D54-6560-D976-8949BEF52CE9}.Debug|x86.Build.0 = Debug|Any CPU
		{EE1B8BC9-3D54-6560-D976-8949BEF52CE9}.Release|Any CPU.ActiveCfg = Release|Any CPU
		{EE1B8BC9-3D54-6560-D976-8949BEF52CE9}.Release|Any CPU.Build.0 = Release|Any CPU
		{EE1B8BC9-3D54-6560-D976-8949BEF52CE9}.Release|x64.ActiveCfg = Release|Any CPU
		{EE1B8BC9-3D54-6560-D976-8949BEF52CE9}.Release|x64.Build.0 = Release|Any CPU
		{EE1B8BC9-3D54-6560-D976-8949BEF52CE9}.Release|x86.ActiveCfg = Release|Any CPU
		{EE1B8BC9-3D54-6560-D976-8949BEF52CE9}.Release|x86.Build.0 = Release|Any CPU
		{31BF98B4-C356-2CEC-BFDB-0540B114CAE1}.Debug|Any CPU.ActiveCfg = Debug|Any CPU
		{31BF98B4-C356-2CEC-BFDB-0540B114CAE1}.Debug|Any CPU.Build.0 = Debug|Any CPU
		{31BF98B4-C356-2CEC-BFDB-0540B114CAE1}.Debug|x64.ActiveCfg = Debug|Any CPU
		{31BF98B4-C356-2CEC-BFDB-0540B114CAE1}.Debug|x64.Build.0 = Debug|Any CPU
		{31BF98B4-C356-2CEC-BFDB-0540B114CAE1}.Debug|x86.ActiveCfg = Debug|Any CPU
		{31BF98B4-C356-2CEC-BFDB-0540B114CAE1}.Debug|x86.Build.0 = Debug|Any CPU
		{31BF98B4-C356-2CEC-BFDB-0540B114CAE1}.Release|Any CPU.ActiveCfg = Release|Any CPU
		{31BF98B4-C356-2CEC-BFDB-0540B114CAE1}.Release|Any CPU.Build.0 = Release|Any CPU
		{31BF98B4-C356-2CEC-BFDB-0540B114CAE1}.Release|x64.ActiveCfg = Release|Any CPU
		{31BF98B4-C356-2CEC-BFDB-0540B114CAE1}.Release|x64.Build.0 = Release|Any CPU
		{31BF98B4-C356-2CEC-BFDB-0540B114CAE1}.Release|x86.ActiveCfg = Release|Any CPU
		{31BF98B4-C356-2CEC-BFDB-0540B114CAE1}.Release|x86.Build.0 = Release|Any CPU
		{1AD75593-AB3A-B3F4-F0EF-03194FD437D6}.Debug|Any CPU.ActiveCfg = Debug|Any CPU
		{1AD75593-AB3A-B3F4-F0EF-03194FD437D6}.Debug|Any CPU.Build.0 = Debug|Any CPU
		{1AD75593-AB3A-B3F4-F0EF-03194FD437D6}.Debug|x64.ActiveCfg = Debug|Any CPU
		{1AD75593-AB3A-B3F4-F0EF-03194FD437D6}.Debug|x64.Build.0 = Debug|Any CPU
		{1AD75593-AB3A-B3F4-F0EF-03194FD437D6}.Debug|x86.ActiveCfg = Debug|Any CPU
		{1AD75593-AB3A-B3F4-F0EF-03194FD437D6}.Debug|x86.Build.0 = Debug|Any CPU
		{1AD75593-AB3A-B3F4-F0EF-03194FD437D6}.Release|Any CPU.ActiveCfg = Release|Any CPU
		{1AD75593-AB3A-B3F4-F0EF-03194FD437D6}.Release|Any CPU.Build.0 = Release|Any CPU
		{1AD75593-AB3A-B3F4-F0EF-03194FD437D6}.Release|x64.ActiveCfg = Release|Any CPU
		{1AD75593-AB3A-B3F4-F0EF-03194FD437D6}.Release|x64.Build.0 = Release|Any CPU
		{1AD75593-AB3A-B3F4-F0EF-03194FD437D6}.Release|x86.ActiveCfg = Release|Any CPU
		{1AD75593-AB3A-B3F4-F0EF-03194FD437D6}.Release|x86.Build.0 = Release|Any CPU
		{193C0DBC-9D63-18DF-CBF4-3A3CC95E1A1F}.Debug|Any CPU.ActiveCfg = Debug|Any CPU
		{193C0DBC-9D63-18DF-CBF4-3A3CC95E1A1F}.Debug|Any CPU.Build.0 = Debug|Any CPU
		{193C0DBC-9D63-18DF-CBF4-3A3CC95E1A1F}.Debug|x64.ActiveCfg = Debug|Any CPU
		{193C0DBC-9D63-18DF-CBF4-3A3CC95E1A1F}.Debug|x64.Build.0 = Debug|Any CPU
		{193C0DBC-9D63-18DF-CBF4-3A3CC95E1A1F}.Debug|x86.ActiveCfg = Debug|Any CPU
		{193C0DBC-9D63-18DF-CBF4-3A3CC95E1A1F}.Debug|x86.Build.0 = Debug|Any CPU
		{193C0DBC-9D63-18DF-CBF4-3A3CC95E1A1F}.Release|Any CPU.ActiveCfg = Release|Any CPU
		{193C0DBC-9D63-18DF-CBF4-3A3CC95E1A1F}.Release|Any CPU.Build.0 = Release|Any CPU
		{193C0DBC-9D63-18DF-CBF4-3A3CC95E1A1F}.Release|x64.ActiveCfg = Release|Any CPU
		{193C0DBC-9D63-18DF-CBF4-3A3CC95E1A1F}.Release|x64.Build.0 = Release|Any CPU
		{193C0DBC-9D63-18DF-CBF4-3A3CC95E1A1F}.Release|x86.ActiveCfg = Release|Any CPU
		{193C0DBC-9D63-18DF-CBF4-3A3CC95E1A1F}.Release|x86.Build.0 = Release|Any CPU
		{D5DE5DE3-54A5-F4CD-F7D2-7BC11561E0E2}.Debug|Any CPU.ActiveCfg = Debug|Any CPU
		{D5DE5DE3-54A5-F4CD-F7D2-7BC11561E0E2}.Debug|Any CPU.Build.0 = Debug|Any CPU
		{D5DE5DE3-54A5-F4CD-F7D2-7BC11561E0E2}.Debug|x64.ActiveCfg = Debug|Any CPU
		{D5DE5DE3-54A5-F4CD-F7D2-7BC11561E0E2}.Debug|x64.Build.0 = Debug|Any CPU
		{D5DE5DE3-54A5-F4CD-F7D2-7BC11561E0E2}.Debug|x86.ActiveCfg = Debug|Any CPU
		{D5DE5DE3-54A5-F4CD-F7D2-7BC11561E0E2}.Debug|x86.Build.0 = Debug|Any CPU
		{D5DE5DE3-54A5-F4CD-F7D2-7BC11561E0E2}.Release|Any CPU.ActiveCfg = Release|Any CPU
		{D5DE5DE3-54A5-F4CD-F7D2-7BC11561E0E2}.Release|Any CPU.Build.0 = Release|Any CPU
		{D5DE5DE3-54A5-F4CD-F7D2-7BC11561E0E2}.Release|x64.ActiveCfg = Release|Any CPU
		{D5DE5DE3-54A5-F4CD-F7D2-7BC11561E0E2}.Release|x64.Build.0 = Release|Any CPU
		{D5DE5DE3-54A5-F4CD-F7D2-7BC11561E0E2}.Release|x86.ActiveCfg = Release|Any CPU
		{D5DE5DE3-54A5-F4CD-F7D2-7BC11561E0E2}.Release|x86.Build.0 = Release|Any CPU
		{DBA56897-2EC1-1A9D-D0EF-EA134A150418}.Debug|Any CPU.ActiveCfg = Debug|Any CPU
		{DBA56897-2EC1-1A9D-D0EF-EA134A150418}.Debug|Any CPU.Build.0 = Debug|Any CPU
		{DBA56897-2EC1-1A9D-D0EF-EA134A150418}.Debug|x64.ActiveCfg = Debug|Any CPU
		{DBA56897-2EC1-1A9D-D0EF-EA134A150418}.Debug|x64.Build.0 = Debug|Any CPU
		{DBA56897-2EC1-1A9D-D0EF-EA134A150418}.Debug|x86.ActiveCfg = Debug|Any CPU
		{DBA56897-2EC1-1A9D-D0EF-EA134A150418}.Debug|x86.Build.0 = Debug|Any CPU
		{DBA56897-2EC1-1A9D-D0EF-EA134A150418}.Release|Any CPU.ActiveCfg = Release|Any CPU
		{DBA56897-2EC1-1A9D-D0EF-EA134A150418}.Release|Any CPU.Build.0 = Release|Any CPU
		{DBA56897-2EC1-1A9D-D0EF-EA134A150418}.Release|x64.ActiveCfg = Release|Any CPU
		{DBA56897-2EC1-1A9D-D0EF-EA134A150418}.Release|x64.Build.0 = Release|Any CPU
		{DBA56897-2EC1-1A9D-D0EF-EA134A150418}.Release|x86.ActiveCfg = Release|Any CPU
		{DBA56897-2EC1-1A9D-D0EF-EA134A150418}.Release|x86.Build.0 = Release|Any CPU
		{688A10E9-B367-20FE-C9AF-43A3FAECE293}.Debug|Any CPU.ActiveCfg = Debug|Any CPU
		{688A10E9-B367-20FE-C9AF-43A3FAECE293}.Debug|Any CPU.Build.0 = Debug|Any CPU
		{688A10E9-B367-20FE-C9AF-43A3FAECE293}.Debug|x64.ActiveCfg = Debug|Any CPU
		{688A10E9-B367-20FE-C9AF-43A3FAECE293}.Debug|x64.Build.0 = Debug|Any CPU
		{688A10E9-B367-20FE-C9AF-43A3FAECE293}.Debug|x86.ActiveCfg = Debug|Any CPU
		{688A10E9-B367-20FE-C9AF-43A3FAECE293}.Debug|x86.Build.0 = Debug|Any CPU
		{688A10E9-B367-20FE-C9AF-43A3FAECE293}.Release|Any CPU.ActiveCfg = Release|Any CPU
		{688A10E9-B367-20FE-C9AF-43A3FAECE293}.Release|Any CPU.Build.0 = Release|Any CPU
		{688A10E9-B367-20FE-C9AF-43A3FAECE293}.Release|x64.ActiveCfg = Release|Any CPU
		{688A10E9-B367-20FE-C9AF-43A3FAECE293}.Release|x64.Build.0 = Release|Any CPU
		{688A10E9-B367-20FE-C9AF-43A3FAECE293}.Release|x86.ActiveCfg = Release|Any CPU
		{688A10E9-B367-20FE-C9AF-43A3FAECE293}.Release|x86.Build.0 = Release|Any CPU
		{40897B7A-ED7D-CA5A-B3FE-84A3570E236A}.Debug|Any CPU.ActiveCfg = Debug|Any CPU
		{40897B7A-ED7D-CA5A-B3FE-84A3570E236A}.Debug|Any CPU.Build.0 = Debug|Any CPU
		{40897B7A-ED7D-CA5A-B3FE-84A3570E236A}.Debug|x64.ActiveCfg = Debug|Any CPU
		{40897B7A-ED7D-CA5A-B3FE-84A3570E236A}.Debug|x64.Build.0 = Debug|Any CPU
		{40897B7A-ED7D-CA5A-B3FE-84A3570E236A}.Debug|x86.ActiveCfg = Debug|Any CPU
		{40897B7A-ED7D-CA5A-B3FE-84A3570E236A}.Debug|x86.Build.0 = Debug|Any CPU
		{40897B7A-ED7D-CA5A-B3FE-84A3570E236A}.Release|Any CPU.ActiveCfg = Release|Any CPU
		{40897B7A-ED7D-CA5A-B3FE-84A3570E236A}.Release|Any CPU.Build.0 = Release|Any CPU
		{40897B7A-ED7D-CA5A-B3FE-84A3570E236A}.Release|x64.ActiveCfg = Release|Any CPU
		{40897B7A-ED7D-CA5A-B3FE-84A3570E236A}.Release|x64.Build.0 = Release|Any CPU
		{40897B7A-ED7D-CA5A-B3FE-84A3570E236A}.Release|x86.ActiveCfg = Release|Any CPU
		{40897B7A-ED7D-CA5A-B3FE-84A3570E236A}.Release|x86.Build.0 = Release|Any CPU
		{F25A8148-C39F-4BFF-9540-67773A411554}.Debug|Any CPU.ActiveCfg = Debug|Any CPU
		{F25A8148-C39F-4BFF-9540-67773A411554}.Debug|Any CPU.Build.0 = Debug|Any CPU
		{F25A8148-C39F-4BFF-9540-67773A411554}.Debug|x64.ActiveCfg = Debug|Any CPU
		{F25A8148-C39F-4BFF-9540-67773A411554}.Debug|x64.Build.0 = Debug|Any CPU
		{F25A8148-C39F-4BFF-9540-67773A411554}.Debug|x86.ActiveCfg = Debug|Any CPU
		{F25A8148-C39F-4BFF-9540-67773A411554}.Debug|x86.Build.0 = Debug|Any CPU
		{F25A8148-C39F-4BFF-9540-67773A411554}.Release|Any CPU.ActiveCfg = Release|Any CPU
		{F25A8148-C39F-4BFF-9540-67773A411554}.Release|Any CPU.Build.0 = Release|Any CPU
		{F25A8148-C39F-4BFF-9540-67773A411554}.Release|x64.ActiveCfg = Release|Any CPU
		{F25A8148-C39F-4BFF-9540-67773A411554}.Release|x64.Build.0 = Release|Any CPU
		{F25A8148-C39F-4BFF-9540-67773A411554}.Release|x86.ActiveCfg = Release|Any CPU
		{F25A8148-C39F-4BFF-9540-67773A411554}.Release|x86.Build.0 = Release|Any CPU
		{A11C9B2D-B876-4E0D-8895-213D5F1B4A23}.Debug|Any CPU.ActiveCfg = Debug|Any CPU
		{A11C9B2D-B876-4E0D-8895-213D5F1B4A23}.Debug|Any CPU.Build.0 = Debug|Any CPU
		{A11C9B2D-B876-4E0D-8895-213D5F1B4A23}.Debug|x64.ActiveCfg = Debug|Any CPU
		{A11C9B2D-B876-4E0D-8895-213D5F1B4A23}.Debug|x64.Build.0 = Debug|Any CPU
		{A11C9B2D-B876-4E0D-8895-213D5F1B4A23}.Debug|x86.ActiveCfg = Debug|Any CPU
		{A11C9B2D-B876-4E0D-8895-213D5F1B4A23}.Debug|x86.Build.0 = Debug|Any CPU
		{A11C9B2D-B876-4E0D-8895-213D5F1B4A23}.Release|Any CPU.ActiveCfg = Release|Any CPU
		{A11C9B2D-B876-4E0D-8895-213D5F1B4A23}.Release|Any CPU.Build.0 = Release|Any CPU
		{A11C9B2D-B876-4E0D-8895-213D5F1B4A23}.Release|x64.ActiveCfg = Release|Any CPU
		{A11C9B2D-B876-4E0D-8895-213D5F1B4A23}.Release|x64.Build.0 = Release|Any CPU
		{A11C9B2D-B876-4E0D-8895-213D5F1B4A23}.Release|x86.ActiveCfg = Release|Any CPU
		{A11C9B2D-B876-4E0D-8895-213D5F1B4A23}.Release|x86.Build.0 = Release|Any CPU
		{F29CD1F1-244D-41B0-A90A-32834D312774}.Debug|Any CPU.ActiveCfg = Debug|Any CPU
		{F29CD1F1-244D-41B0-A90A-32834D312774}.Debug|Any CPU.Build.0 = Debug|Any CPU
		{F29CD1F1-244D-41B0-A90A-32834D312774}.Debug|x64.ActiveCfg = Debug|Any CPU
		{F29CD1F1-244D-41B0-A90A-32834D312774}.Debug|x64.Build.0 = Debug|Any CPU
		{F29CD1F1-244D-41B0-A90A-32834D312774}.Debug|x86.ActiveCfg = Debug|Any CPU
		{F29CD1F1-244D-41B0-A90A-32834D312774}.Debug|x86.Build.0 = Debug|Any CPU
		{F29CD1F1-244D-41B0-A90A-32834D312774}.Release|Any CPU.ActiveCfg = Release|Any CPU
		{F29CD1F1-244D-41B0-A90A-32834D312774}.Release|Any CPU.Build.0 = Release|Any CPU
		{F29CD1F1-244D-41B0-A90A-32834D312774}.Release|x64.ActiveCfg = Release|Any CPU
		{F29CD1F1-244D-41B0-A90A-32834D312774}.Release|x64.Build.0 = Release|Any CPU
		{F29CD1F1-244D-41B0-A90A-32834D312774}.Release|x86.ActiveCfg = Release|Any CPU
		{F29CD1F1-244D-41B0-A90A-32834D312774}.Release|x86.Build.0 = Release|Any CPU
	EndGlobalSection
	GlobalSection(SolutionProperties) = preSolution
		HideSolutionNode = FALSE
	EndGlobalSection
	GlobalSection(NestedProjects) = preSolution
		{A9837181-19B7-49E5-A24A-C079F7DFC10C} = {58AEA0D5-AD41-4408-AC99-C79A6131A6F1}
		{D04400E2-E9E9-4F4F-908A-ADF5BDEF1C71} = {58AEA0D5-AD41-4408-AC99-C79A6131A6F1}
		{A8CB44EB-818A-46B1-BDDA-977ED341BC83} = {D04400E2-E9E9-4F4F-908A-ADF5BDEF1C71}
		{F27FDFAB-E18A-4CE6-A642-01CD25D858BF} = {A9837181-19B7-49E5-A24A-C079F7DFC10C}
		{16C8ABD7-13F3-96CC-D3B5-AB324251A9C4} = {42106A9A-24F7-4FA0-91A1-83598B8FE21E}
		{89BAC107-D3FD-49E8-5F7A-216B1D4B0E1F} = {42106A9A-24F7-4FA0-91A1-83598B8FE21E}
		{4DA66E95-C470-B1E6-6114-A6D9B93CFB94} = {42106A9A-24F7-4FA0-91A1-83598B8FE21E}
		{02EA681E-C7D8-13C7-8484-4AC65E1B71E8} = {D04400E2-E9E9-4F4F-908A-ADF5BDEF1C71}
		{BBAB836D-871F-4495-9D30-9C457B2B8E3A} = {A9837181-19B7-49E5-A24A-C079F7DFC10C}
		{FCBD0BD4-98DB-2BC7-A1D7-BD26D9465CF1} = {A8CB44EB-818A-46B1-BDDA-977ED341BC83}
		{34DDC9AA-547C-041D-3F2F-7BC186D36A75} = {A8CB44EB-818A-46B1-BDDA-977ED341BC83}
		{4EB359C9-4822-6335-F52B-869B47B2E3F6} = {A8CB44EB-818A-46B1-BDDA-977ED341BC83}
		{FFCB2482-D444-94EB-D464-E580536ADC6D} = {A8CB44EB-818A-46B1-BDDA-977ED341BC83}
		{830E9D64-701D-ABAD-0B2C-1A1B21B0C7AA} = {F27FDFAB-E18A-4CE6-A642-01CD25D858BF}
		{C4438709-8CFE-2C71-2B00-FFF1C684FE1D} = {F27FDFAB-E18A-4CE6-A642-01CD25D858BF}
		{EE1B8BC9-3D54-6560-D976-8949BEF52CE9} = {F27FDFAB-E18A-4CE6-A642-01CD25D858BF}
		{31BF98B4-C356-2CEC-BFDB-0540B114CAE1} = {F27FDFAB-E18A-4CE6-A642-01CD25D858BF}
		{1AD75593-AB3A-B3F4-F0EF-03194FD437D6} = {42106A9A-24F7-4FA0-91A1-83598B8FE21E}
		{99BCBD48-56C6-482C-9C20-5463FC096F2A} = {58AEA0D5-AD41-4408-AC99-C79A6131A6F1}
		{57640112-23C1-407F-9B2C-246F5023DE2B} = {99BCBD48-56C6-482C-9C20-5463FC096F2A}
		{4DD569EF-93DB-42F6-B8C4-344A07060198} = {99BCBD48-56C6-482C-9C20-5463FC096F2A}
		{193C0DBC-9D63-18DF-CBF4-3A3CC95E1A1F} = {57640112-23C1-407F-9B2C-246F5023DE2B}
		{D5DE5DE3-54A5-F4CD-F7D2-7BC11561E0E2} = {57640112-23C1-407F-9B2C-246F5023DE2B}
		{DBA56897-2EC1-1A9D-D0EF-EA134A150418} = {57640112-23C1-407F-9B2C-246F5023DE2B}
		{688A10E9-B367-20FE-C9AF-43A3FAECE293} = {57640112-23C1-407F-9B2C-246F5023DE2B}
		{40897B7A-ED7D-CA5A-B3FE-84A3570E236A} = {42106A9A-24F7-4FA0-91A1-83598B8FE21E}
		{F25A8148-C39F-4BFF-9540-67773A411554} = {02EA681E-C7D8-13C7-8484-4AC65E1B71E8}
		{A11C9B2D-B876-4E0D-8895-213D5F1B4A23} = {02EA681E-C7D8-13C7-8484-4AC65E1B71E8}
		{F29CD1F1-244D-41B0-A90A-32834D312774} = {BBAB836D-871F-4495-9D30-9C457B2B8E3A}
	EndGlobalSection
	GlobalSection(ExtensibilityGlobals) = postSolution
		SolutionGuid = {08CD02A5-6476-4E93-8209-0303EAC2156E}
	EndGlobalSection
EndGlobal
