<Solution>
  <Folder Name="/src/">
    <Project Path="src/Payment.Api/Payment.Api.csproj" />
    <Project Path="src/Payment.Application/Payment.Application.csproj" />
    <Project Path="src/Payment.Domain/Payment.Domain.csproj" />
    <Project Path="src/Payment.Infra/Payment.Infra.csproj" />
  </Folder>
  <Folder Name="/tests/" />
</Solution>
